
Microsoft Visual Studio Solution File, Format Version 12.00
# Visual Studio Version 17
VisualStudioVersion = 17.9.34622.214
MinimumVisualStudioVersion = 10.0.40219.1
Project("{9A19103F-16F7-4668-BE54-9A1E7A4F7556}") = "MyMedic", "MyMedic\MyMedic.csproj", "{FB20D117-C7B2-4874-8FF4-F0789FD55A02}"
EndProject
Project("{9A19103F-16F7-4668-BE54-9A1E7A4F7556}") = "MyMedic.DataAccess", "MyMedic.DataAccess\MyMedic.DataAccess.csproj", "{F465902F-33AC-4C6F-B6DE-1242D6018B84}"
EndProject
Project("{9A19103F-16F7-4668-BE54-9A1E7A4F7556}") = "MyMedic.DataAccess.Repositories", "MyMedic.DataAccess.Repositories\MyMedic.DataAccess.Repositories.csproj", "{202CB315-8972-4E9F-A07B-40EC374F53B4}"
EndProject
Project("{FAE04EC0-301F-11D3-BF4B-00C04F79EFBC}") = "MyMedic.Services", "MyMedic.Services\MyMedic.Services.csproj", "{07CF18BD-3434-4FC9-BA4E-F07F3FA7D4A7}"
EndProject
Project("{FAE04EC0-301F-11D3-BF4B-00C04F79EFBC}") = "MyMedic.DTO", "MyMedic.DTO\MyMedic.DTO.csproj", "{78636319-9F94-4A42-9943-5903EF481542}"
EndProject
Global
	GlobalSection(SolutionConfigurationPlatforms) = preSolution
		Debug|Any CPU = Debug|Any CPU
		Release|Any CPU = Release|Any CPU
	EndGlobalSection
	GlobalSection(ProjectConfigurationPlatforms) = postSolution
		{FB20D117-C7B2-4874-8FF4-F0789FD55A02}.Debug|Any CPU.ActiveCfg = Debug|Any CPU
		{FB20D117-C7B2-4874-8FF4-F0789FD55A02}.Debug|Any CPU.Build.0 = Debug|Any CPU
		{FB20D117-C7B2-4874-8FF4-F0789FD55A02}.Release|Any CPU.ActiveCfg = Release|Any CPU
		{FB20D117-C7B2-4874-8FF4-F0789FD55A02}.Release|Any CPU.Build.0 = Release|Any CPU
		{F465902F-33AC-4C6F-B6DE-1242D6018B84}.Debug|Any CPU.ActiveCfg = Debug|Any CPU
		{F465902F-33AC-4C6F-B6DE-1242D6018B84}.Debug|Any CPU.Build.0 = Debug|Any CPU
		{F465902F-33AC-4C6F-B6DE-1242D6018B84}.Release|Any CPU.ActiveCfg = Release|Any CPU
		{F465902F-33AC-4C6F-B6DE-1242D6018B84}.Release|Any CPU.Build.0 = Release|Any CPU
		{202CB315-8972-4E9F-A07B-40EC374F53B4}.Debug|Any CPU.ActiveCfg = Debug|Any CPU
		{202CB315-8972-4E9F-A07B-40EC374F53B4}.Debug|Any CPU.Build.0 = Debug|Any CPU
		{202CB315-8972-4E9F-A07B-40EC374F53B4}.Release|Any CPU.ActiveCfg = Release|Any CPU
		{202CB315-8972-4E9F-A07B-40EC374F53B4}.Release|Any CPU.Build.0 = Release|Any CPU
		{07CF18BD-3434-4FC9-BA4E-F07F3FA7D4A7}.Debug|Any CPU.ActiveCfg = Debug|Any CPU
		{07CF18BD-3434-4FC9-BA4E-F07F3FA7D4A7}.Debug|Any CPU.Build.0 = Debug|Any CPU
		{07CF18BD-3434-4FC9-BA4E-F07F3FA7D4A7}.Release|Any CPU.ActiveCfg = Release|Any CPU
		{07CF18BD-3434-4FC9-BA4E-F07F3FA7D4A7}.Release|Any CPU.Build.0 = Release|Any CPU
		{78636319-9F94-4A42-9943-5903EF481542}.Debug|Any CPU.ActiveCfg = Debug|Any CPU
		{78636319-9F94-4A42-9943-5903EF481542}.Debug|Any CPU.Build.0 = Debug|Any CPU
		{78636319-9F94-4A42-9943-5903EF481542}.Release|Any CPU.ActiveCfg = Release|Any CPU
		{78636319-9F94-4A42-9943-5903EF481542}.Release|Any CPU.Build.0 = Release|Any CPU
	EndGlobalSection
	GlobalSection(SolutionProperties) = preSolution
		HideSolutionNode = FALSE
	EndGlobalSection
	GlobalSection(ExtensibilityGlobals) = postSolution
		SolutionGuid = {31350D41-B7DE-4BDE-8163-F42B4E2C342F}
	EndGlobalSection
EndGlobal
